{
  "requires": true,
  "lockfileVersion": 1,
  "dependencies": {
    "georaptor": {
      "version": "2.0.2",
      "resolved": "https://registry.npmjs.org/georaptor/-/georaptor-2.0.2.tgz",
      "integrity": "sha512-VfcIXQaW6R//ytE0ZttJi7D/g9uK/WC6R3anHxGOYHXWs8I72WQ/vfuEsVTssO9mGIU0/hvtc9GoUWknRR2fqg==",
      "requires": {
        "ngeohash": "^0.6.0"
      }
    },
    "ngeohash": {
      "version": "0.6.3",
      "resolved": "https://registry.npmjs.org/ngeohash/-/ngeohash-0.6.3.tgz",
      "integrity": "sha512-kltF0cOxgx1AbmVzKxYZaoB0aj7mOxZeHaerEtQV0YaqnkXNq26WWqMmJ6lTqShYxVRWZ/mwvvTrNeOwdslWiw=="
    }
  }
}
